// !$*UTF8*$!
{
	archiveVersion = 1;
	classes = {
	};
	objectVersion = 56;
	objects = {

/* Begin PBXBuildFile section */
		9B7E086D2B4F19E100DC1394 /* Pass2UApp.swift in Sources */ = {isa = PBXBuildFile; fileRef = 9B7E086C2B4F19E100DC1394 /* Pass2UApp.swift */; };
		9B7E086F2B4F19E100DC1394 /* Persistence.swift in Sources */ = {isa = PBXBuildFile; fileRef = 9B7E086E2B4F19E100DC1394 /* Persistence.swift */; };
		9B7E08722B4F19E100DC1394 /* Pass2U.xcdatamodeld in Sources */ = {isa = PBXBuildFile; fileRef = 9B7E08702B4F19E100DC1394 /* Pass2U.xcdatamodeld */; };
		9B7E08742B4F19E100DC1394 /* ContentView.swift in Sources */ = {isa = PBXBuildFile; fileRef = 9B7E08732B4F19E100DC1394 /* ContentView.swift */; };
		9B7E08762B4F19E500DC1394 /* Assets.xcassets in Resources */ = {isa = PBXBuildFile; fileRef = 9B7E08752B4F19E500DC1394 /* Assets.xcassets */; };
		9B7E087A2B4F19E500DC1394 /* Preview Assets.xcassets in Resources */ = {isa = PBXBuildFile; fileRef = 9B7E08792B4F19E500DC1394 /* Preview Assets.xcassets */; };
		9B7E08842B4F19E600DC1394 /* Pass2UTests.swift in Sources */ = {isa = PBXBuildFile; fileRef = 9B7E08832B4F19E600DC1394 /* Pass2UTests.swift */; };
		9B7E088E2B4F19E600DC1394 /* Pass2UUITests.swift in Sources */ = {isa = PBXBuildFile; fileRef = 9B7E088D2B4F19E600DC1394 /* Pass2UUITests.swift */; };
		9B7E08902B4F19E600DC1394 /* Pass2UUITestsLaunchTests.swift in Sources */ = {isa = PBXBuildFile; fileRef = 9B7E088F2B4F19E600DC1394 /* Pass2UUITestsLaunchTests.swift */; };
		9B7E08A22B4F1A3C00DC1394 /* PKManager.swift in Sources */ = {isa = PBXBuildFile; fileRef = 9B7E08A12B4F1A3C00DC1394 /* PKManager.swift */; };
		9B7E08A42B4F278700DC1394 /* README.md in Resources */ = {isa = PBXBuildFile; fileRef = 9B7E08A32B4F278700DC1394 /* README.md */; };
/* End PBXBuildFile section */

/* Begin PBXContainerItemProxy section */
		9B7E08802B4F19E500DC1394 /* PBXContainerItemProxy */ = {
			isa = PBXContainerItemProxy;
			containerPortal = 9B7E08612B4F19E000DC1394 /* Project object */;
			proxyType = 1;
			remoteGlobalIDString = 9B7E08682B4F19E100DC1394;
			remoteInfo = Pass2U;
		};
		9B7E088A2B4F19E600DC1394 /* PBXContainerItemProxy */ = {
			isa = PBXContainerItemProxy;
			containerPortal = 9B7E08612B4F19E000DC1394 /* Project object */;
			proxyType = 1;
			remoteGlobalIDString = 9B7E08682B4F19E100DC1394;
			remoteInfo = Pass2U;
		};
/* End PBXContainerItemProxy section */

/* Begin PBXFileReference section */
		9B7E08692B4F19E100DC1394 /* Pass2U.app */ = {isa = PBXFileReference; explicitFileType = wrapper.application; includeInIndex = 0; path = Pass2U.app; sourceTree = BUILT_PRODUCTS_DIR; };
		9B7E086C2B4F19E100DC1394 /* Pass2UApp.swift */ = {isa = PBXFileReference; lastKnownFileType = sourcecode.swift; path = Pass2UApp.swift; sourceTree = "<group>"; };
		9B7E086E2B4F19E100DC1394 /* Persistence.swift */ = {isa = PBXFileReference; lastKnownFileType = sourcecode.swift; path = Persistence.swift; sourceTree = "<group>"; };
		9B7E08712B4F19E100DC1394 /* Pass2U.xcdatamodel */ = {isa = PBXFileReference; lastKnownFileType = wrapper.xcdatamodel; path = Pass2U.xcdatamodel; sourceTree = "<group>"; };
		9B7E08732B4F19E100DC1394 /* ContentView.swift */ = {isa = PBXFileReference; lastKnownFileType = sourcecode.swift; path = ContentView.swift; sourceTree = "<group>"; };
		9B7E08752B4F19E500DC1394 /* Assets.xcassets */ = {isa = PBXFileReference; lastKnownFileType = folder.assetcatalog; path = Assets.xcassets; sourceTree = "<group>"; };
		9B7E08772B4F19E500DC1394 /* Pass2U.entitlements */ = {isa = PBXFileReference; lastKnownFileType = text.plist.entitlements; path = Pass2U.entitlements; sourceTree = "<group>"; };
		9B7E08792B4F19E500DC1394 /* Preview Assets.xcassets */ = {isa = PBXFileReference; lastKnownFileType = folder.assetcatalog; path = "Preview Assets.xcassets"; sourceTree = "<group>"; };
		9B7E087F2B4F19E500DC1394 /* Pass2UTests.xctest */ = {isa = PBXFileReference; explicitFileType = wrapper.cfbundle; includeInIndex = 0; path = Pass2UTests.xctest; sourceTree = BUILT_PRODUCTS_DIR; };
		9B7E08832B4F19E600DC1394 /* Pass2UTests.swift */ = {isa = PBXFileReference; lastKnownFileType = sourcecode.swift; path = Pass2UTests.swift; sourceTree = "<group>"; };
		9B7E08892B4F19E600DC1394 /* Pass2UUITests.xctest */ = {isa = PBXFileReference; explicitFileType = wrapper.cfbundle; includeInIndex = 0; path = Pass2UUITests.xctest; sourceTree = BUILT_PRODUCTS_DIR; };
		9B7E088D2B4F19E600DC1394 /* Pass2UUITests.swift */ = {isa = PBXFileReference; lastKnownFileType = sourcecode.swift; path = Pass2UUITests.swift; sourceTree = "<group>"; };
		9B7E088F2B4F19E600DC1394 /* Pass2UUITestsLaunchTests.swift */ = {isa = PBXFileReference; lastKnownFileType = sourcecode.swift; path = Pass2UUITestsLaunchTests.swift; sourceTree = "<group>"; };
		9B7E08A12B4F1A3C00DC1394 /* PKManager.swift */ = {isa = PBXFileReference; lastKnownFileType = sourcecode.swift; path = PKManager.swift; sourceTree = "<group>"; };
		9B7E08A32B4F278700DC1394 /* README.md */ = {isa = PBXFileReference; fileEncoding = 4; lastKnownFileType = net.daringfireball.markdown; path = README.md; sourceTree = "<group>"; };
/* End PBXFileReference section */

/* Begin PBXFrameworksBuildPhase section */
		9B7E08662B4F19E100DC1394 /* Frameworks */ = {
			isa = PBXFrameworksBuildPhase;
			buildActionMask = 2147483647;
			files = (
			);
			runOnlyForDeploymentPostprocessing = 0;
		};
		9B7E087C2B4F19E500DC1394 /* Frameworks */ = {
			isa = PBXFrameworksBuildPhase;
			buildActionMask = 2147483647;
			files = (
			);
			runOnlyForDeploymentPostprocessing = 0;
		};
		9B7E08862B4F19E600DC1394 /* Frameworks */ = {
			isa = PBXFrameworksBuildPhase;
			buildActionMask = 2147483647;
			files = (
			);
			runOnlyForDeploymentPostprocessing = 0;
		};
/* End PBXFrameworksBuildPhase section */

/* Begin PBXGroup section */
		9B7E08602B4F19E000DC1394 = {
			isa = PBXGroup;
			children = (
				9B7E08A32B4F278700DC1394 /* README.md */,
				9B7E086B2B4F19E100DC1394 /* Pass2U */,
				9B7E08822B4F19E600DC1394 /* Pass2UTests */,
				9B7E088C2B4F19E600DC1394 /* Pass2UUITests */,
				9B7E086A2B4F19E100DC1394 /* Products */,
			);
			sourceTree = "<group>";
		};
		9B7E086A2B4F19E100DC1394 /* Products */ = {
			isa = PBXGroup;
			children = (
				9B7E08692B4F19E100DC1394 /* Pass2U.app */,
				9B7E087F2B4F19E500DC1394 /* Pass2UTests.xctest */,
				9B7E08892B4F19E600DC1394 /* Pass2UUITests.xctest */,
			);
			name = Products;
			sourceTree = "<group>";
		};
		9B7E086B2B4F19E100DC1394 /* Pass2U */ = {
			isa = PBXGroup;
			children = (
				9B7E08A02B4F1A3000DC1394 /* Manager */,
				9B7E089F2B4F1A2200DC1394 /* Model */,
				9B7E089E2B4F1A1900DC1394 /* View */,
				9B7E089C2B4F1A0900DC1394 /* Data */,
				9B7E086C2B4F19E100DC1394 /* Pass2UApp.swift */,
				9B7E086E2B4F19E100DC1394 /* Persistence.swift */,
				9B7E08732B4F19E100DC1394 /* ContentView.swift */,
				9B7E08752B4F19E500DC1394 /* Assets.xcassets */,
				9B7E08772B4F19E500DC1394 /* Pass2U.entitlements */,
				9B7E08702B4F19E100DC1394 /* Pass2U.xcdatamodeld */,
				9B7E08782B4F19E500DC1394 /* Preview Content */,
			);
			path = Pass2U;
			sourceTree = "<group>";
		};
		9B7E08782B4F19E500DC1394 /* Preview Content */ = {
			isa = PBXGroup;
			children = (
				9B7E08792B4F19E500DC1394 /* Preview Assets.xcassets */,
			);
			path = "Preview Content";
			sourceTree = "<group>";
		};
		9B7E08822B4F19E600DC1394 /* Pass2UTests */ = {
			isa = PBXGroup;
			children = (
				9B7E08832B4F19E600DC1394 /* Pass2UTests.swift */,
			);
			path = Pass2UTests;
			sourceTree = "<group>";
		};
		9B7E088C2B4F19E600DC1394 /* Pass2UUITests */ = {
			isa = PBXGroup;
			children = (
				9B7E088D2B4F19E600DC1394 /* Pass2UUITests.swift */,
				9B7E088F2B4F19E600DC1394 /* Pass2UUITestsLaunchTests.swift */,
			);
			path = Pass2UUITests;
			sourceTree = "<group>";
		};
		9B7E089C2B4F1A0900DC1394 /* Data */ = {
			isa = PBXGroup;
			children = (
			);
			path = Data;
			sourceTree = "<group>";
		};
		9B7E089E2B4F1A1900DC1394 /* View */ = {
			isa = PBXGroup;
			children = (
			);
			path = View;
			sourceTree = "<group>";
		};
		9B7E089F2B4F1A2200DC1394 /* Model */ = {
			isa = PBXGroup;
			children = (
			);
			path = Model;
			sourceTree = "<group>";
		};
		9B7E08A02B4F1A3000DC1394 /* Manager */ = {
			isa = PBXGroup;
			children = (
				9B7E08A12B4F1A3C00DC1394 /* PKManager.swift */,
			);
			path = Manager;
			sourceTree = "<group>";
		};
/* End PBXGroup section */

/* Begin PBXNativeTarget section */
		9B7E08682B4F19E100DC1394 /* Pass2U */ = {
			isa = PBXNativeTarget;
			buildConfigurationList = 9B7E08932B4F19E600DC1394 /* Build configuration list for PBXNativeTarget "Pass2U" */;
			buildPhases = (
				9B7E08652B4F19E100DC1394 /* Sources */,
				9B7E08662B4F19E100DC1394 /* Frameworks */,
				9B7E08672B4F19E100DC1394 /* Resources */,
			);
			buildRules = (
			);
			dependencies = (
			);
			name = Pass2U;
			productName = Pass2U;
			productReference = 9B7E08692B4F19E100DC1394 /* Pass2U.app */;
			productType = "com.apple.product-type.application";
		};
		9B7E087E2B4F19E500DC1394 /* Pass2UTests */ = {
			isa = PBXNativeTarget;
			buildConfigurationList = 9B7E08962B4F19E600DC1394 /* Build configuration list for PBXNativeTarget "Pass2UTests" */;
			buildPhases = (
				9B7E087B2B4F19E500DC1394 /* Sources */,
				9B7E087C2B4F19E500DC1394 /* Frameworks */,
				9B7E087D2B4F19E500DC1394 /* Resources */,
			);
			buildRules = (
			);
			dependencies = (
				9B7E08812B4F19E500DC1394 /* PBXTargetDependency */,
			);
			name = Pass2UTests;
			productName = Pass2UTests;
			productReference = 9B7E087F2B4F19E500DC1394 /* Pass2UTests.xctest */;
			productType = "com.apple.product-type.bundle.unit-test";
		};
		9B7E08882B4F19E600DC1394 /* Pass2UUITests */ = {
			isa = PBXNativeTarget;
			buildConfigurationList = 9B7E08992B4F19E600DC1394 /* Build configuration list for PBXNativeTarget "Pass2UUITests" */;
			buildPhases = (
				9B7E08852B4F19E600DC1394 /* Sources */,
				9B7E08862B4F19E600DC1394 /* Frameworks */,
				9B7E08872B4F19E600DC1394 /* Resources */,
			);
			buildRules = (
			);
			dependencies = (
				9B7E088B2B4F19E600DC1394 /* PBXTargetDependency */,
			);
			name = Pass2UUITests;
			productName = Pass2UUITests;
			productReference = 9B7E08892B4F19E600DC1394 /* Pass2UUITests.xctest */;
			productType = "com.apple.product-type.bundle.ui-testing";
		};
/* End PBXNativeTarget section */

/* Begin PBXProject section */
		9B7E08612B4F19E000DC1394 /* Project object */ = {
			isa = PBXProject;
			attributes = {
				BuildIndependentTargetsInParallel = 1;
				LastSwiftUpdateCheck = 1410;
				LastUpgradeCheck = 1410;
				TargetAttributes = {
					9B7E08682B4F19E100DC1394 = {
						CreatedOnToolsVersion = 14.1;
					};
					9B7E087E2B4F19E500DC1394 = {
						CreatedOnToolsVersion = 14.1;
						TestTargetID = 9B7E08682B4F19E100DC1394;
					};
					9B7E08882B4F19E600DC1394 = {
						CreatedOnToolsVersion = 14.1;
						TestTargetID = 9B7E08682B4F19E100DC1394;
					};
				};
			};
			buildConfigurationList = 9B7E08642B4F19E000DC1394 /* Build configuration list for PBXProject "Pass2U" */;
			compatibilityVersion = "Xcode 14.0";
			developmentRegion = en;
			hasScannedForEncodings = 0;
			knownRegions = (
				en,
				Base,
			);
			mainGroup = 9B7E08602B4F19E000DC1394;
			productRefGroup = 9B7E086A2B4F19E100DC1394 /* Products */;
			projectDirPath = "";
			projectRoot = "";
			targets = (
				9B7E08682B4F19E100DC1394 /* Pass2U */,
				9B7E087E2B4F19E500DC1394 /* Pass2UTests */,
				9B7E08882B4F19E600DC1394 /* Pass2UUITests */,
			);
		};
/* End PBXProject section */

/* Begin PBXResourcesBuildPhase section */
		9B7E08672B4F19E100DC1394 /* Resources */ = {
			isa = PBXResourcesBuildPhase;
			buildActionMask = 2147483647;
			files = (
				9B7E08A42B4F278700DC1394 /* README.md in Resources */,
				9B7E087A2B4F19E500DC1394 /* Preview Assets.xcassets in Resources */,
				9B7E08762B4F19E500DC1394 /* Assets.xcassets in Resources */,
			);
			runOnlyForDeploymentPostprocessing = 0;
		};
		9B7E087D2B4F19E500DC1394 /* Resources */ = {
			isa = PBXResourcesBuildPhase;
			buildActionMask = 2147483647;
			files = (
			);
			runOnlyForDeploymentPostprocessing = 0;
		};
		9B7E08872B4F19E600DC1394 /* Resources */ = {
			isa = PBXResourcesBuildPhase;
			buildActionMask = 2147483647;
			files = (
			);
			runOnlyForDeploymentPostprocessing = 0;
		};
/* End PBXResourcesBuildPhase section */

/* Begin PBXSourcesBuildPhase section */
		9B7E08652B4F19E100DC1394 /* Sources */ = {
			isa = PBXSourcesBuildPhase;
			buildActionMask = 2147483647;
			files = (
				9B7E086D2B4F19E100DC1394 /* Pass2UApp.swift in Sources */,
				9B7E08722B4F19E100DC1394 /* Pass2U.xcdatamodeld in Sources */,
				9B7E08A22B4F1A3C00DC1394 /* PKManager.swift in Sources */,
				9B7E08742B4F19E100DC1394 /* ContentView.swift in Sources */,
				9B7E086F2B4F19E100DC1394 /* Persistence.swift in Sources */,
			);
			runOnlyForDeploymentPostprocessing = 0;
		};
		9B7E087B2B4F19E500DC1394 /* Sources */ = {
			isa = PBXSourcesBuildPhase;
			buildActionMask = 2147483647;
			files = (
				9B7E08842B4F19E600DC1394 /* Pass2UTests.swift in Sources */,
			);
			runOnlyForDeploymentPostprocessing = 0;
		};
		9B7E08852B4F19E600DC1394 /* Sources */ = {
			isa = PBXSourcesBuildPhase;
			buildActionMask = 2147483647;
			files = (
				9B7E08902B4F19E600DC1394 /* Pass2UUITestsLaunchTests.swift in Sources */,
				9B7E088E2B4F19E600DC1394 /* Pass2UUITests.swift in Sources */,
			);
			runOnlyForDeploymentPostprocessing = 0;
		};
/* End PBXSourcesBuildPhase section */

/* Begin PBXTargetDependency section */
		9B7E08812B4F19E500DC1394 /* PBXTargetDependency */ = {
			isa = PBXTargetDependency;
			target = 9B7E08682B4F19E100DC1394 /* Pass2U */;
			targetProxy = 9B7E08802B4F19E500DC1394 /* PBXContainerItemProxy */;
		};
		9B7E088B2B4F19E600DC1394 /* PBXTargetDependency */ = {
			isa = PBXTargetDependency;
			target = 9B7E08682B4F19E100DC1394 /* Pass2U */;
			targetProxy = 9B7E088A2B4F19E600DC1394 /* PBXContainerItemProxy */;
		};
/* End PBXTargetDependency section */

/* Begin XCBuildConfiguration section */
		9B7E08912B4F19E600DC1394 /* Debug */ = {
			isa = XCBuildConfiguration;
			buildSettings = {
				ALWAYS_SEARCH_USER_PATHS = NO;
				CLANG_ANALYZER_NONNULL = YES;
				CLANG_ANALYZER_NUMBER_OBJECT_CONVERSION = YES_AGGRESSIVE;
				CLANG_CXX_LANGUAGE_STANDARD = "gnu++20";
				CLANG_ENABLE_MODULES = YES;
				CLANG_ENABLE_OBJC_ARC = YES;
				CLANG_ENABLE_OBJC_WEAK = YES;
				CLANG_WARN_BLOCK_CAPTURE_AUTORELEASING = YES;
				CLANG_WARN_BOOL_CONVERSION = YES;
				CLANG_WARN_COMMA = YES;
				CLANG_WARN_CONSTANT_CONVERSION = YES;
				CLANG_WARN_DEPRECATED_OBJC_IMPLEMENTATIONS = YES;
				CLANG_WARN_DIRECT_OBJC_ISA_USAGE = YES_ERROR;
				CLANG_WARN_DOCUMENTATION_COMMENTS = YES;
				CLANG_WARN_EMPTY_BODY = YES;
				CLANG_WARN_ENUM_CONVERSION = YES;
				CLANG_WARN_INFINITE_RECURSION = YES;
				CLANG_WARN_INT_CONVERSION = YES;
				CLANG_WARN_NON_LITERAL_NULL_CONVERSION = YES;
				CLANG_WARN_OBJC_IMPLICIT_RETAIN_SELF = YES;
				CLANG_WARN_OBJC_LITERAL_CONVERSION = YES;
				CLANG_WARN_OBJC_ROOT_CLASS = YES_ERROR;
				CLANG_WARN_QUOTED_INCLUDE_IN_FRAMEWORK_HEADER = YES;
				CLANG_WARN_RANGE_LOOP_ANALYSIS = YES;
				CLANG_WARN_STRICT_PROTOTYPES = YES;
				CLANG_WARN_SUSPICIOUS_MOVE = YES;
				CLANG_WARN_UNGUARDED_AVAILABILITY = YES_AGGRESSIVE;
				CLANG_WARN_UNREACHABLE_CODE = YES;
				CLANG_WARN__DUPLICATE_METHOD_MATCH = YES;
				COPY_PHASE_STRIP = NO;
				DEBUG_INFORMATION_FORMAT = dwarf;
				ENABLE_STRICT_OBJC_MSGSEND = YES;
				ENABLE_TESTABILITY = YES;
				GCC_C_LANGUAGE_STANDARD = gnu11;
				GCC_DYNAMIC_NO_PIC = NO;
				GCC_NO_COMMON_BLOCKS = YES;
				GCC_OPTIMIZATION_LEVEL = 0;
				GCC_PREPROCESSOR_DEFINITIONS = (
					"DEBUG=1",
					"$(inherited)",
				);
				GCC_WARN_64_TO_32_BIT_CONVERSION = YES;
				GCC_WARN_ABOUT_RETURN_TYPE = YES_ERROR;
				GCC_WARN_UNDECLARED_SELECTOR = YES;
				GCC_WARN_UNINITIALIZED_AUTOS = YES_AGGRESSIVE;
				GCC_WARN_UNUSED_FUNCTION = YES;
				GCC_WARN_UNUSED_VARIABLE = YES;
				MTL_ENABLE_DEBUG_INFO = INCLUDE_SOURCE;
				MTL_FAST_MATH = YES;
				ONLY_ACTIVE_ARCH = YES;
				SWIFT_ACTIVE_COMPILATION_CONDITIONS = DEBUG;
				SWIFT_OPTIMIZATION_LEVEL = "-Onone";
			};
			name = Debug;
		};
		9B7E08922B4F19E600DC1394 /* Release */ = {
			isa = XCBuildConfiguration;
			buildSettings = {
				ALWAYS_SEARCH_USER_PATHS = NO;
				CLANG_ANALYZER_NONNULL = YES;
				CLANG_ANALYZER_NUMBER_OBJECT_CONVERSION = YES_AGGRESSIVE;
				CLANG_CXX_LANGUAGE_STANDARD = "gnu++20";
				CLANG_ENABLE_MODULES = YES;
				CLANG_ENABLE_OBJC_ARC = YES;
				CLANG_ENABLE_OBJC_WEAK = YES;
				CLANG_WARN_BLOCK_CAPTURE_AUTORELEASING = YES;
				CLANG_WARN_BOOL_CONVERSION = YES;
				CLANG_WARN_COMMA = YES;
				CLANG_WARN_CONSTANT_CONVERSION = YES;
				CLANG_WARN_DEPRECATED_OBJC_IMPLEMENTATIONS = YES;
				CLANG_WARN_DIRECT_OBJC_ISA_USAGE = YES_ERROR;
				CLANG_WARN_DOCUMENTATION_COMMENTS = YES;
				CLANG_WARN_EMPTY_BODY = YES;
				CLANG_WARN_ENUM_CONVERSION = YES;
				CLANG_WARN_INFINITE_RECURSION = YES;
				CLANG_WARN_INT_CONVERSION = YES;
				CLANG_WARN_NON_LITERAL_NULL_CONVERSION = YES;
				CLANG_WARN_OBJC_IMPLICIT_RETAIN_SELF = YES;
				CLANG_WARN_OBJC_LITERAL_CONVERSION = YES;
				CLANG_WARN_OBJC_ROOT_CLASS = YES_ERROR;
				CLANG_WARN_QUOTED_INCLUDE_IN_FRAMEWORK_HEADER = YES;
				CLANG_WARN_RANGE_LOOP_ANALYSIS = YES;
				CLANG_WARN_STRICT_PROTOTYPES = YES;
				CLANG_WARN_SUSPICIOUS_MOVE = YES;
				CLANG_WARN_UNGUARDED_AVAILABILITY = YES_AGGRESSIVE;
				CLANG_WARN_UNREACHABLE_CODE = YES;
				CLANG_WARN__DUPLICATE_METHOD_MATCH = YES;
				COPY_PHASE_STRIP = NO;
				DEBUG_INFORMATION_FORMAT = "dwarf-with-dsym";
				ENABLE_NS_ASSERTIONS = NO;
				ENABLE_STRICT_OBJC_MSGSEND = YES;
				GCC_C_LANGUAGE_STANDARD = gnu11;
				GCC_NO_COMMON_BLOCKS = YES;
				GCC_WARN_64_TO_32_BIT_CONVERSION = YES;
				GCC_WARN_ABOUT_RETURN_TYPE = YES_ERROR;
				GCC_WARN_UNDECLARED_SELECTOR = YES;
				GCC_WARN_UNINITIALIZED_AUTOS = YES_AGGRESSIVE;
				GCC_WARN_UNUSED_FUNCTION = YES;
				GCC_WARN_UNUSED_VARIABLE = YES;
				MTL_ENABLE_DEBUG_INFO = NO;
				MTL_FAST_MATH = YES;
				SWIFT_COMPILATION_MODE = wholemodule;
				SWIFT_OPTIMIZATION_LEVEL = "-O";
			};
			name = Release;
		};
		9B7E08942B4F19E600DC1394 /* Debug */ = {
			isa = XCBuildConfiguration;
			buildSettings = {
				ASSETCATALOG_COMPILER_APPICON_NAME = AppIcon;
				ASSETCATALOG_COMPILER_GLOBAL_ACCENT_COLOR_NAME = AccentColor;
				CODE_SIGN_ENTITLEMENTS = Pass2U/Pass2U.entitlements;
				CODE_SIGN_STYLE = Automatic;
				CURRENT_PROJECT_VERSION = 1;
				DEVELOPMENT_ASSET_PATHS = "\"Pass2U/Preview Content\"";
				DEVELOPMENT_TEAM = JFH9FYM2U6;
				ENABLE_HARDENED_RUNTIME = YES;
				ENABLE_PREVIEWS = YES;
				GENERATE_INFOPLIST_FILE = YES;
				"INFOPLIST_KEY_UIApplicationSceneManifest_Generation[sdk=iphoneos*]" = YES;
				"INFOPLIST_KEY_UIApplicationSceneManifest_Generation[sdk=iphonesimulator*]" = YES;
				"INFOPLIST_KEY_UIApplicationSupportsIndirectInputEvents[sdk=iphoneos*]" = YES;
				"INFOPLIST_KEY_UIApplicationSupportsIndirectInputEvents[sdk=iphonesimulator*]" = YES;
				"INFOPLIST_KEY_UILaunchScreen_Generation[sdk=iphoneos*]" = YES;
				"INFOPLIST_KEY_UILaunchScreen_Generation[sdk=iphonesimulator*]" = YES;
				"INFOPLIST_KEY_UIStatusBarStyle[sdk=iphoneos*]" = UIStatusBarStyleDefault;
				"INFOPLIST_KEY_UIStatusBarStyle[sdk=iphonesimulator*]" = UIStatusBarStyleDefault;
				INFOPLIST_KEY_UISupportedInterfaceOrientations_iPad = "UIInterfaceOrientationPortrait UIInterfaceOrientationPortraitUpsideDown UIInterfaceOrientationLandscapeLeft UIInterfaceOrientationLandscapeRight";
				INFOPLIST_KEY_UISupportedInterfaceOrientations_iPhone = "UIInterfaceOrientationPortrait UIInterfaceOrientationLandscapeLeft UIInterfaceOrientationLandscapeRight";
				IPHONEOS_DEPLOYMENT_TARGET = 16.1;
				LD_RUNPATH_SEARCH_PATHS = "@executable_path/Frameworks";
				"LD_RUNPATH_SEARCH_PATHS[sdk=macosx*]" = "@executable_path/../Frameworks";
				MACOSX_DEPLOYMENT_TARGET = 13.0;
				MARKETING_VERSION = 1.0;
				PRODUCT_BUNDLE_IDENTIFIER = com.mietechnologies.Pass2U;
				PRODUCT_NAME = "$(TARGET_NAME)";
				SDKROOT = auto;
				SUPPORTED_PLATFORMS = "iphoneos iphonesimulator macosx";
				SWIFT_EMIT_LOC_STRINGS = YES;
				SWIFT_VERSION = 5.0;
				TARGETED_DEVICE_FAMILY = "1,2";
			};
			name = Debug;
		};
		9B7E08952B4F19E600DC1394 /* Release */ = {
			isa = XCBuildConfiguration;
			buildSettings = {
				ASSETCATALOG_COMPILER_APPICON_NAME = AppIcon;
				ASSETCATALOG_COMPILER_GLOBAL_ACCENT_COLOR_NAME = AccentColor;
				CODE_SIGN_ENTITLEMENTS = Pass2U/Pass2U.entitlements;
				CODE_SIGN_STYLE = Automatic;
				CURRENT_PROJECT_VERSION = 1;
				DEVELOPMENT_ASSET_PATHS = "\"Pass2U/Preview Content\"";
				DEVELOPMENT_TEAM = JFH9FYM2U6;
				ENABLE_HARDENED_RUNTIME = YES;
				ENABLE_PREVIEWS = YES;
				GENERATE_INFOPLIST_FILE = YES;
				"INFOPLIST_KEY_UIApplicationSceneManifest_Generation[sdk=iphoneos*]" = YES;
				"INFOPLIST_KEY_UIApplicationSceneManifest_Generation[sdk=iphonesimulator*]" = YES;
				"INFOPLIST_KEY_UIApplicationSupportsIndirectInputEvents[sdk=iphoneos*]" = YES;
				"INFOPLIST_KEY_UIApplicationSupportsIndirectInputEvents[sdk=iphonesimulator*]" = YES;
				"INFOPLIST_KEY_UILaunchScreen_Generation[sdk=iphoneos*]" = YES;
				"INFOPLIST_KEY_UILaunchScreen_Generation[sdk=iphonesimulator*]" = YES;
				"INFOPLIST_KEY_UIStatusBarStyle[sdk=iphoneos*]" = UIStatusBarStyleDefault;
				"INFOPLIST_KEY_UIStatusBarStyle[sdk=iphonesimulator*]" = UIStatusBarStyleDefault;
				INFOPLIST_KEY_UISupportedInterfaceOrientations_iPad = "UIInterfaceOrientationPortrait UIInterfaceOrientationPortraitUpsideDown UIInterfaceOrientationLandscapeLeft UIInterfaceOrientationLandscapeRight";
				INFOPLIST_KEY_UISupportedInterfaceOrientations_iPhone = "UIInterfaceOrientationPortrait UIInterfaceOrientationLandscapeLeft UIInterfaceOrientationLandscapeRight";
				IPHONEOS_DEPLOYMENT_TARGET = 16.1;
				LD_RUNPATH_SEARCH_PATHS = "@executable_path/Frameworks";
				"LD_RUNPATH_SEARCH_PATHS[sdk=macosx*]" = "@executable_path/../Frameworks";
				MACOSX_DEPLOYMENT_TARGET = 13.0;
				MARKETING_VERSION = 1.0;
				PRODUCT_BUNDLE_IDENTIFIER = com.mietechnologies.Pass2U;
				PRODUCT_NAME = "$(TARGET_NAME)";
				SDKROOT = auto;
				SUPPORTED_PLATFORMS = "iphoneos iphonesimulator macosx";
				SWIFT_EMIT_LOC_STRINGS = YES;
				SWIFT_VERSION = 5.0;
				TARGETED_DEVICE_FAMILY = "1,2";
			};
			name = Release;
		};
		9B7E08972B4F19E600DC1394 /* Debug */ = {
			isa = XCBuildConfiguration;
			buildSettings = {
				ALWAYS_EMBED_SWIFT_STANDARD_LIBRARIES = YES;
				BUNDLE_LOADER = "$(TEST_HOST)";
				CODE_SIGN_STYLE = Automatic;
				CURRENT_PROJECT_VERSION = 1;
				DEVELOPMENT_TEAM = JFH9FYM2U6;
				GENERATE_INFOPLIST_FILE = YES;
				IPHONEOS_DEPLOYMENT_TARGET = 16.1;
				MACOSX_DEPLOYMENT_TARGET = 13.0;
				MARKETING_VERSION = 1.0;
				PRODUCT_BUNDLE_IDENTIFIER = com.mietechnologies.Pass2UTests;
				PRODUCT_NAME = "$(TARGET_NAME)";
				SDKROOT = auto;
				SUPPORTED_PLATFORMS = "iphoneos iphonesimulator macosx";
				SWIFT_EMIT_LOC_STRINGS = NO;
				SWIFT_VERSION = 5.0;
				TARGETED_DEVICE_FAMILY = "1,2";
				TEST_HOST = "$(BUILT_PRODUCTS_DIR)/Pass2U.app/$(BUNDLE_EXECUTABLE_FOLDER_PATH)/Pass2U";
			};
			name = Debug;
		};
		9B7E08982B4F19E600DC1394 /* Release */ = {
			isa = XCBuildConfiguration;
			buildSettings = {
				ALWAYS_EMBED_SWIFT_STANDARD_LIBRARIES = YES;
				BUNDLE_LOADER = "$(TEST_HOST)";
				CODE_SIGN_STYLE = Automatic;
				CURRENT_PROJECT_VERSION = 1;
				DEVELOPMENT_TEAM = JFH9FYM2U6;
				GENERATE_INFOPLIST_FILE = YES;
				IPHONEOS_DEPLOYMENT_TARGET = 16.1;
				MACOSX_DEPLOYMENT_TARGET = 13.0;
				MARKETING_VERSION = 1.0;
				PRODUCT_BUNDLE_IDENTIFIER = com.mietechnologies.Pass2UTests;
				PRODUCT_NAME = "$(TARGET_NAME)";
				SDKROOT = auto;
				SUPPORTED_PLATFORMS = "iphoneos iphonesimulator macosx";
				SWIFT_EMIT_LOC_STRINGS = NO;
				SWIFT_VERSION = 5.0;
				TARGETED_DEVICE_FAMILY = "1,2";
				TEST_HOST = "$(BUILT_PRODUCTS_DIR)/Pass2U.app/$(BUNDLE_EXECUTABLE_FOLDER_PATH)/Pass2U";
			};
			name = Release;
		};
		9B7E089A2B4F19E600DC1394 /* Debug */ = {
			isa = XCBuildConfiguration;
			buildSettings = {
				ALWAYS_EMBED_SWIFT_STANDARD_LIBRARIES = YES;
				CODE_SIGN_STYLE = Automatic;
				CURRENT_PROJECT_VERSION = 1;
				DEVELOPMENT_TEAM = JFH9FYM2U6;
				GENERATE_INFOPLIST_FILE = YES;
				IPHONEOS_DEPLOYMENT_TARGET = 16.1;
				MACOSX_DEPLOYMENT_TARGET = 13.0;
				MARKETING_VERSION = 1.0;
				PRODUCT_BUNDLE_IDENTIFIER = com.mietechnologies.Pass2UUITests;
				PRODUCT_NAME = "$(TARGET_NAME)";
				SDKROOT = auto;
				SUPPORTED_PLATFORMS = "iphoneos iphonesimulator macosx";
				SWIFT_EMIT_LOC_STRINGS = NO;
				SWIFT_VERSION = 5.0;
				TARGETED_DEVICE_FAMILY = "1,2";
				TEST_TARGET_NAME = Pass2U;
			};
			name = Debug;
		};
		9B7E089B2B4F19E600DC1394 /* Release */ = {
			isa = XCBuildConfiguration;
			buildSettings = {
				ALWAYS_EMBED_SWIFT_STANDARD_LIBRARIES = YES;
				CODE_SIGN_STYLE = Automatic;
				CURRENT_PROJECT_VERSION = 1;
				DEVELOPMENT_TEAM = JFH9FYM2U6;
				GENERATE_INFOPLIST_FILE = YES;
				IPHONEOS_DEPLOYMENT_TARGET = 16.1;
				MACOSX_DEPLOYMENT_TARGET = 13.0;
				MARKETING_VERSION = 1.0;
				PRODUCT_BUNDLE_IDENTIFIER = com.mietechnologies.Pass2UUITests;
				PRODUCT_NAME = "$(TARGET_NAME)";
				SDKROOT = auto;
				SUPPORTED_PLATFORMS = "iphoneos iphonesimulator macosx";
				SWIFT_EMIT_LOC_STRINGS = NO;
				SWIFT_VERSION = 5.0;
				TARGETED_DEVICE_FAMILY = "1,2";
				TEST_TARGET_NAME = Pass2U;
			};
			name = Release;
		};
/* End XCBuildConfiguration section */

/* Begin XCConfigurationList section */
		9B7E08642B4F19E000DC1394 /* Build configuration list for PBXProject "Pass2U" */ = {
			isa = XCConfigurationList;
			buildConfigurations = (
				9B7E08912B4F19E600DC1394 /* Debug */,
				9B7E08922B4F19E600DC1394 /* Release */,
			);
			defaultConfigurationIsVisible = 0;
			defaultConfigurationName = Release;
		};
		9B7E08932B4F19E600DC1394 /* Build configuration list for PBXNativeTarget "Pass2U" */ = {
			isa = XCConfigurationList;
			buildConfigurations = (
				9B7E08942B4F19E600DC1394 /* Debug */,
				9B7E08952B4F19E600DC1394 /* Release */,
			);
			defaultConfigurationIsVisible = 0;
			defaultConfigurationName = Release;
		};
		9B7E08962B4F19E600DC1394 /* Build configuration list for PBXNativeTarget "Pass2UTests" */ = {
			isa = XCConfigurationList;
			buildConfigurations = (
				9B7E08972B4F19E600DC1394 /* Debug */,
				9B7E08982B4F19E600DC1394 /* Release */,
			);
			defaultConfigurationIsVisible = 0;
			defaultConfigurationName = Release;
		};
		9B7E08992B4F19E600DC1394 /* Build configuration list for PBXNativeTarget "Pass2UUITests" */ = {
			isa = XCConfigurationList;
			buildConfigurations = (
				9B7E089A2B4F19E600DC1394 /* Debug */,
				9B7E089B2B4F19E600DC1394 /* Release */,
			);
			defaultConfigurationIsVisible = 0;
			defaultConfigurationName = Release;
		};
/* End XCConfigurationList section */

/* Begin XCVersionGroup section */
		9B7E08702B4F19E100DC1394 /* Pass2U.xcdatamodeld */ = {
			isa = XCVersionGroup;
			children = (
				9B7E08712B4F19E100DC1394 /* Pass2U.xcdatamodel */,
			);
			currentVersion = 9B7E08712B4F19E100DC1394 /* Pass2U.xcdatamodel */;
			path = Pass2U.xcdatamodeld;
			sourceTree = "<group>";
			versionGroupType = wrapper.xcdatamodel;
		};
/* End XCVersionGroup section */
	};
	rootObject = 9B7E08612B4F19E000DC1394 /* Project object */;
}
